// !$*UTF8*$!
{
	archiveVersion = 1;
	classes = {
	};
	objectVersion = 56;
	objects = {

/* Begin PBXBuildFile section */
		680EED982EDE37FC00D543E6 /* AppleMusicSearchView.swift in Sources */ = {isa = PBXBuildFile; fileRef = 680EED972EDE37FC00D543E6 /* AppleMusicSearchView.swift */; };
		6871CBA22EDA593D00C374C2 /* TrackSearchView.swift in Sources */ = {isa = PBXBuildFile; fileRef = 6871CBA12EDA593D00C374C2 /* TrackSearchView.swift */; };
		6871CBA42EDA72B000C374C2 /* MusicService.swift in Sources */ = {isa = PBXBuildFile; fileRef = 6871CBA32EDA72B000C374C2 /* MusicService.swift */; };
		6871CBA62EDA72E000C374C2 /* AppleMusicManager.swift in Sources */ = {isa = PBXBuildFile; fileRef = 6871CBA52EDA72E000C374C2 /* AppleMusicManager.swift */; };
		6871CBA82EDA751300C374C2 /* ColorTheme.swift in Sources */ = {isa = PBXBuildFile; fileRef = 6871CBA72EDA751300C374C2 /* ColorTheme.swift */; };
		6871CBAA2EDA77B200C374C2 /* NotificationManager.swift in Sources */ = {isa = PBXBuildFile; fileRef = 6871CBA92EDA77B200C374C2 /* NotificationManager.swift */; };
		6871CBAC2EDA786500C374C2 /* MenuBarManager.swift in Sources */ = {isa = PBXBuildFile; fileRef = 6871CBAB2EDA786500C374C2 /* MenuBarManager.swift */; };
		6871CBAE2EDA7C7500C374C2 /* AppDelegate.swift in Sources */ = {isa = PBXBuildFile; fileRef = 6871CBAD2EDA7C7500C374C2 /* AppDelegate.swift */; };
		6871CBB02EDA7E9E00C374C2 /* StatisticsManager.swift in Sources */ = {isa = PBXBuildFile; fileRef = 6871CBAF2EDA7E9E00C374C2 /* StatisticsManager.swift */; };
		6871CBB22EDA7ED300C374C2 /* StatisticsView.swift in Sources */ = {isa = PBXBuildFile; fileRef = 6871CBB12EDA7ED300C374C2 /* StatisticsView.swift */; };
		6871CBB42EDA81AF00C374C2 /* Project.swift in Sources */ = {isa = PBXBuildFile; fileRef = 6871CBB32EDA81AF00C374C2 /* Project.swift */; };
		6871CBB62EDA821500C374C2 /* ProjectManager.swift in Sources */ = {isa = PBXBuildFile; fileRef = 6871CBB52EDA821500C374C2 /* ProjectManager.swift */; };
		6871CBB82EDA82F900C374C2 /* ProjectListView.swift in Sources */ = {isa = PBXBuildFile; fileRef = 6871CBB72EDA82F900C374C2 /* ProjectListView.swift */; };
		6871CBBA2EDA839800C374C2 /* ProjectSwitcherView.swift in Sources */ = {isa = PBXBuildFile; fileRef = 6871CBB92EDA839800C374C2 /* ProjectSwitcherView.swift */; };
		68F984AB2ED9F4AA00C1757B /* Thomato_TimerApp.swift in Sources */ = {isa = PBXBuildFile; fileRef = 68F984AA2ED9F4AA00C1757B /* Thomato_TimerApp.swift */; };
		68F984AD2ED9F4AA00C1757B /* ContentView.swift in Sources */ = {isa = PBXBuildFile; fileRef = 68F984AC2ED9F4AA00C1757B /* ContentView.swift */; };
		68F984AF2ED9F4AC00C1757B /* Assets.xcassets in Resources */ = {isa = PBXBuildFile; fileRef = 68F984AE2ED9F4AC00C1757B /* Assets.xcassets */; };
		68F984B32ED9F4AC00C1757B /* Preview Assets.xcassets in Resources */ = {isa = PBXBuildFile; fileRef = 68F984B22ED9F4AC00C1757B /* Preview Assets.xcassets */; };
		68F984BE2ED9F5D100C1757B /* TimerState.swift in Sources */ = {isa = PBXBuildFile; fileRef = 68F984BD2ED9F5D100C1757B /* TimerState.swift */; };
		68F984C02ED9F64A00C1757B /* TimerViewModel.swift in Sources */ = {isa = PBXBuildFile; fileRef = 68F984BF2ED9F64A00C1757B /* TimerViewModel.swift */; };
		68F984C22EDA3BE600C1757B /* SettingsView.swift in Sources */ = {isa = PBXBuildFile; fileRef = 68F984C12EDA3BE600C1757B /* SettingsView.swift */; };
		68F984C42EDA418800C1757B /* SpotifyConfig.swift in Sources */ = {isa = PBXBuildFile; fileRef = 68F984C32EDA418800C1757B /* SpotifyConfig.swift */; };
		68F984C62EDA41A400C1757B /* SpotifySecrets.swift in Sources */ = {isa = PBXBuildFile; fileRef = 68F984C52EDA41A400C1757B /* SpotifySecrets.swift */; };
		68F984C82EDA421800C1757B /* SpotifyManager.swift in Sources */ = {isa = PBXBuildFile; fileRef = 68F984C72EDA421800C1757B /* SpotifyManager.swift */; };
/* End PBXBuildFile section */

/* Begin PBXFileReference section */
		680EED972EDE37FC00D543E6 /* AppleMusicSearchView.swift */ = {isa = PBXFileReference; lastKnownFileType = sourcecode.swift; path = AppleMusicSearchView.swift; sourceTree = "<group>"; };
		6871CBA02EDA4F3E00C374C2 /* Thomato-Timer-Info.plist */ = {isa = PBXFileReference; lastKnownFileType = text.plist; path = "Thomato-Timer-Info.plist"; sourceTree = SOURCE_ROOT; };
		6871CBA12EDA593D00C374C2 /* TrackSearchView.swift */ = {isa = PBXFileReference; lastKnownFileType = sourcecode.swift; path = TrackSearchView.swift; sourceTree = "<group>"; };
		6871CBA32EDA72B000C374C2 /* MusicService.swift */ = {isa = PBXFileReference; lastKnownFileType = sourcecode.swift; path = MusicService.swift; sourceTree = "<group>"; };
		6871CBA52EDA72E000C374C2 /* AppleMusicManager.swift */ = {isa = PBXFileReference; lastKnownFileType = sourcecode.swift; path = AppleMusicManager.swift; sourceTree = "<group>"; };
		6871CBA72EDA751300C374C2 /* ColorTheme.swift */ = {isa = PBXFileReference; lastKnownFileType = sourcecode.swift; path = ColorTheme.swift; sourceTree = "<group>"; };
		6871CBA92EDA77B200C374C2 /* NotificationManager.swift */ = {isa = PBXFileReference; lastKnownFileType = sourcecode.swift; path = NotificationManager.swift; sourceTree = "<group>"; };
		6871CBAB2EDA786500C374C2 /* MenuBarManager.swift */ = {isa = PBXFileReference; lastKnownFileType = sourcecode.swift; path = MenuBarManager.swift; sourceTree = "<group>"; };
		6871CBAD2EDA7C7500C374C2 /* AppDelegate.swift */ = {isa = PBXFileReference; lastKnownFileType = sourcecode.swift; path = AppDelegate.swift; sourceTree = "<group>"; };
		6871CBAF2EDA7E9E00C374C2 /* StatisticsManager.swift */ = {isa = PBXFileReference; lastKnownFileType = sourcecode.swift; path = StatisticsManager.swift; sourceTree = "<group>"; };
		6871CBB12EDA7ED300C374C2 /* StatisticsView.swift */ = {isa = PBXFileReference; lastKnownFileType = sourcecode.swift; path = StatisticsView.swift; sourceTree = "<group>"; };
		6871CBB32EDA81AF00C374C2 /* Project.swift */ = {isa = PBXFileReference; lastKnownFileType = sourcecode.swift; path = Project.swift; sourceTree = "<group>"; };
		6871CBB52EDA821500C374C2 /* ProjectManager.swift */ = {isa = PBXFileReference; lastKnownFileType = sourcecode.swift; path = ProjectManager.swift; sourceTree = "<group>"; };
		6871CBB72EDA82F900C374C2 /* ProjectListView.swift */ = {isa = PBXFileReference; lastKnownFileType = sourcecode.swift; path = ProjectListView.swift; sourceTree = "<group>"; };
		6871CBB92EDA839800C374C2 /* ProjectSwitcherView.swift */ = {isa = PBXFileReference; lastKnownFileType = sourcecode.swift; path = ProjectSwitcherView.swift; sourceTree = "<group>"; };
		68F984A72ED9F4AA00C1757B /* Thomato Timer.app */ = {isa = PBXFileReference; explicitFileType = wrapper.application; includeInIndex = 0; path = "Thomato Timer.app"; sourceTree = BUILT_PRODUCTS_DIR; };
		68F984AA2ED9F4AA00C1757B /* Thomato_TimerApp.swift */ = {isa = PBXFileReference; lastKnownFileType = sourcecode.swift; path = Thomato_TimerApp.swift; sourceTree = "<group>"; };
		68F984AC2ED9F4AA00C1757B /* ContentView.swift */ = {isa = PBXFileReference; lastKnownFileType = sourcecode.swift; path = ContentView.swift; sourceTree = "<group>"; };
		68F984AE2ED9F4AC00C1757B /* Assets.xcassets */ = {isa = PBXFileReference; lastKnownFileType = folder.assetcatalog; path = Assets.xcassets; sourceTree = "<group>"; };
		68F984B02ED9F4AC00C1757B /* Thomato_Timer.entitlements */ = {isa = PBXFileReference; lastKnownFileType = text.plist.entitlements; path = Thomato_Timer.entitlements; sourceTree = "<group>"; };
		68F984B22ED9F4AC00C1757B /* Preview Assets.xcassets */ = {isa = PBXFileReference; lastKnownFileType = folder.assetcatalog; path = "Preview Assets.xcassets"; sourceTree = "<group>"; };
		68F984BD2ED9F5D100C1757B /* TimerState.swift */ = {isa = PBXFileReference; lastKnownFileType = sourcecode.swift; path = TimerState.swift; sourceTree = "<group>"; };
		68F984BF2ED9F64A00C1757B /* TimerViewModel.swift */ = {isa = PBXFileReference; lastKnownFileType = sourcecode.swift; path = TimerViewModel.swift; sourceTree = "<group>"; };
		68F984C12EDA3BE600C1757B /* SettingsView.swift */ = {isa = PBXFileReference; lastKnownFileType = sourcecode.swift; path = SettingsView.swift; sourceTree = "<group>"; };
		68F984C32EDA418800C1757B /* SpotifyConfig.swift */ = {isa = PBXFileReference; lastKnownFileType = sourcecode.swift; path = SpotifyConfig.swift; sourceTree = "<group>"; };
		68F984C52EDA41A400C1757B /* SpotifySecrets.swift */ = {isa = PBXFileReference; lastKnownFileType = sourcecode.swift; path = SpotifySecrets.swift; sourceTree = "<group>"; };
		68F984C72EDA421800C1757B /* SpotifyManager.swift */ = {isa = PBXFileReference; lastKnownFileType = sourcecode.swift; path = SpotifyManager.swift; sourceTree = "<group>"; };
/* End PBXFileReference section */

/* Begin PBXFrameworksBuildPhase section */
		68F984A42ED9F4AA00C1757B /* Frameworks */ = {
			isa = PBXFrameworksBuildPhase;
			buildActionMask = 2147483647;
			files = (
			);
			runOnlyForDeploymentPostprocessing = 0;
		};
/* End PBXFrameworksBuildPhase section */

/* Begin PBXGroup section */
		68F9849E2ED9F4AA00C1757B = {
			isa = PBXGroup;
			children = (
				68F984A92ED9F4AA00C1757B /* Thomato Timer */,
				68F984A82ED9F4AA00C1757B /* Products */,
			);
			sourceTree = "<group>";
		};
		68F984A82ED9F4AA00C1757B /* Products */ = {
			isa = PBXGroup;
			children = (
				68F984A72ED9F4AA00C1757B /* Thomato Timer.app */,
			);
			name = Products;
			sourceTree = "<group>";
		};
		68F984A92ED9F4AA00C1757B /* Thomato Timer */ = {
			isa = PBXGroup;
			children = (
				6871CBA02EDA4F3E00C374C2 /* Thomato-Timer-Info.plist */,
				68F984BC2ED9F50300C1757B /* Utilities */,
				68F984BB2ED9F4FA00C1757B /* Views */,
				68F984BA2ED9F4EE00C1757B /* ViewModels */,
				68F984B92ED9F4E900C1757B /* Models */,
				68F984AE2ED9F4AC00C1757B /* Assets.xcassets */,
				68F984B02ED9F4AC00C1757B /* Thomato_Timer.entitlements */,
				68F984B12ED9F4AC00C1757B /* Preview Content */,
			);
			path = "Thomato Timer";
			sourceTree = "<group>";
		};
		68F984B12ED9F4AC00C1757B /* Preview Content */ = {
			isa = PBXGroup;
			children = (
				68F984B22ED9F4AC00C1757B /* Preview Assets.xcassets */,
			);
			path = "Preview Content";
			sourceTree = "<group>";
		};
		68F984B92ED9F4E900C1757B /* Models */ = {
			isa = PBXGroup;
			children = (
				68F984BD2ED9F5D100C1757B /* TimerState.swift */,
			);
			path = Models;
			sourceTree = "<group>";
		};
		68F984BA2ED9F4EE00C1757B /* ViewModels */ = {
			isa = PBXGroup;
			children = (
			);
			path = ViewModels;
			sourceTree = "<group>";
		};
		68F984BB2ED9F4FA00C1757B /* Views */ = {
			isa = PBXGroup;
			children = (
				68F984AC2ED9F4AA00C1757B /* ContentView.swift */,
				68F984BF2ED9F64A00C1757B /* TimerViewModel.swift */,
				68F984C12EDA3BE600C1757B /* SettingsView.swift */,
				6871CBA12EDA593D00C374C2 /* TrackSearchView.swift */,
				6871CBB12EDA7ED300C374C2 /* StatisticsView.swift */,
				6871CBB72EDA82F900C374C2 /* ProjectListView.swift */,
				6871CBB92EDA839800C374C2 /* ProjectSwitcherView.swift */,
				680EED972EDE37FC00D543E6 /* AppleMusicSearchView.swift */,
			);
			path = Views;
			sourceTree = "<group>";
		};
		68F984BC2ED9F50300C1757B /* Utilities */ = {
			isa = PBXGroup;
			children = (
				68F984AA2ED9F4AA00C1757B /* Thomato_TimerApp.swift */,
				68F984C32EDA418800C1757B /* SpotifyConfig.swift */,
				68F984C52EDA41A400C1757B /* SpotifySecrets.swift */,
				68F984C72EDA421800C1757B /* SpotifyManager.swift */,
				6871CBA32EDA72B000C374C2 /* MusicService.swift */,
				6871CBA52EDA72E000C374C2 /* AppleMusicManager.swift */,
				6871CBA72EDA751300C374C2 /* ColorTheme.swift */,
				6871CBA92EDA77B200C374C2 /* NotificationManager.swift */,
				6871CBAB2EDA786500C374C2 /* MenuBarManager.swift */,
				6871CBAD2EDA7C7500C374C2 /* AppDelegate.swift */,
				6871CBAF2EDA7E9E00C374C2 /* StatisticsManager.swift */,
				6871CBB32EDA81AF00C374C2 /* Project.swift */,
				6871CBB52EDA821500C374C2 /* ProjectManager.swift */,
			);
			path = Utilities;
			sourceTree = "<group>";
		};
/* End PBXGroup section */

/* Begin PBXNativeTarget section */
		68F984A62ED9F4AA00C1757B /* Thomato Timer */ = {
			isa = PBXNativeTarget;
			buildConfigurationList = 68F984B62ED9F4AC00C1757B /* Build configuration list for PBXNativeTarget "Thomato Timer" */;
			buildPhases = (
				68F984A32ED9F4AA00C1757B /* Sources */,
				68F984A42ED9F4AA00C1757B /* Frameworks */,
				68F984A52ED9F4AA00C1757B /* Resources */,
			);
			buildRules = (
			);
			dependencies = (
			);
			name = "Thomato Timer";
			productName = "Thomato Timer";
			productReference = 68F984A72ED9F4AA00C1757B /* Thomato Timer.app */;
			productType = "com.apple.product-type.application";
		};
/* End PBXNativeTarget section */

/* Begin PBXProject section */
		68F9849F2ED9F4AA00C1757B /* Project object */ = {
			isa = PBXProject;
			attributes = {
				BuildIndependentTargetsInParallel = 1;
				LastSwiftUpdateCheck = 1530;
				LastUpgradeCheck = 1530;
				TargetAttributes = {
					68F984A62ED9F4AA00C1757B = {
						CreatedOnToolsVersion = 15.3;
					};
				};
			};
			buildConfigurationList = 68F984A22ED9F4AA00C1757B /* Build configuration list for PBXProject "Thomato Timer" */;
			compatibilityVersion = "Xcode 14.0";
			developmentRegion = en;
			hasScannedForEncodings = 0;
			knownRegions = (
				en,
				Base,
			);
			mainGroup = 68F9849E2ED9F4AA00C1757B;
			productRefGroup = 68F984A82ED9F4AA00C1757B /* Products */;
			projectDirPath = "";
			projectRoot = "";
			targets = (
				68F984A62ED9F4AA00C1757B /* Thomato Timer */,
			);
		};
/* End PBXProject section */

/* Begin PBXResourcesBuildPhase section */
		68F984A52ED9F4AA00C1757B /* Resources */ = {
			isa = PBXResourcesBuildPhase;
			buildActionMask = 2147483647;
			files = (
				68F984B32ED9F4AC00C1757B /* Preview Assets.xcassets in Resources */,
				68F984AF2ED9F4AC00C1757B /* Assets.xcassets in Resources */,
			);
			runOnlyForDeploymentPostprocessing = 0;
		};
/* End PBXResourcesBuildPhase section */

/* Begin PBXSourcesBuildPhase section */
		68F984A32ED9F4AA00C1757B /* Sources */ = {
			isa = PBXSourcesBuildPhase;
			buildActionMask = 2147483647;
			files = (
				68F984C82EDA421800C1757B /* SpotifyManager.swift in Sources */,
				6871CBA42EDA72B000C374C2 /* MusicService.swift in Sources */,
				68F984C22EDA3BE600C1757B /* SettingsView.swift in Sources */,
				6871CBAE2EDA7C7500C374C2 /* AppDelegate.swift in Sources */,
				68F984C02ED9F64A00C1757B /* TimerViewModel.swift in Sources */,
				680EED982EDE37FC00D543E6 /* AppleMusicSearchView.swift in Sources */,
				68F984C42EDA418800C1757B /* SpotifyConfig.swift in Sources */,
				6871CBBA2EDA839800C374C2 /* ProjectSwitcherView.swift in Sources */,
				6871CBB82EDA82F900C374C2 /* ProjectListView.swift in Sources */,
				6871CBA62EDA72E000C374C2 /* AppleMusicManager.swift in Sources */,
				6871CBAC2EDA786500C374C2 /* MenuBarManager.swift in Sources */,
				6871CBB02EDA7E9E00C374C2 /* StatisticsManager.swift in Sources */,
				6871CBAA2EDA77B200C374C2 /* NotificationManager.swift in Sources */,
				6871CBB62EDA821500C374C2 /* ProjectManager.swift in Sources */,
				68F984AD2ED9F4AA00C1757B /* ContentView.swift in Sources */,
				68F984BE2ED9F5D100C1757B /* TimerState.swift in Sources */,
				68F984AB2ED9F4AA00C1757B /* Thomato_TimerApp.swift in Sources */,
				6871CBB22EDA7ED300C374C2 /* StatisticsView.swift in Sources */,
				6871CBA82EDA751300C374C2 /* ColorTheme.swift in Sources */,
				6871CBA22EDA593D00C374C2 /* TrackSearchView.swift in Sources */,
				68F984C62EDA41A400C1757B /* SpotifySecrets.swift in Sources */,
				6871CBB42EDA81AF00C374C2 /* Project.swift in Sources */,
			);
			runOnlyForDeploymentPostprocessing = 0;
		};
/* End PBXSourcesBuildPhase section */

/* Begin XCBuildConfiguration section */
		68F984B42ED9F4AC00C1757B /* Debug */ = {
			isa = XCBuildConfiguration;
			buildSettings = {
				ALWAYS_SEARCH_USER_PATHS = NO;
				ASSETCATALOG_COMPILER_GENERATE_SWIFT_ASSET_SYMBOL_EXTENSIONS = YES;
				CLANG_ANALYZER_NONNULL = YES;
				CLANG_ANALYZER_NUMBER_OBJECT_CONVERSION = YES_AGGRESSIVE;
				CLANG_CXX_LANGUAGE_STANDARD = "gnu++20";
				CLANG_ENABLE_MODULES = YES;
				CLANG_ENABLE_OBJC_ARC = YES;
				CLANG_ENABLE_OBJC_WEAK = YES;
				CLANG_WARN_BLOCK_CAPTURE_AUTORELEASING = YES;
				CLANG_WARN_BOOL_CONVERSION = YES;
				CLANG_WARN_COMMA = YES;
				CLANG_WARN_CONSTANT_CONVERSION = YES;
				CLANG_WARN_DEPRECATED_OBJC_IMPLEMENTATIONS = YES;
				CLANG_WARN_DIRECT_OBJC_ISA_USAGE = YES_ERROR;
				CLANG_WARN_DOCUMENTATION_COMMENTS = YES;
				CLANG_WARN_EMPTY_BODY = YES;
				CLANG_WARN_ENUM_CONVERSION = YES;
				CLANG_WARN_INFINITE_RECURSION = YES;
				CLANG_WARN_INT_CONVERSION = YES;
				CLANG_WARN_NON_LITERAL_NULL_CONVERSION = YES;
				CLANG_WARN_OBJC_IMPLICIT_RETAIN_SELF = YES;
				CLANG_WARN_OBJC_LITERAL_CONVERSION = YES;
				CLANG_WARN_OBJC_ROOT_CLASS = YES_ERROR;
				CLANG_WARN_QUOTED_INCLUDE_IN_FRAMEWORK_HEADER = YES;
				CLANG_WARN_RANGE_LOOP_ANALYSIS = YES;
				CLANG_WARN_STRICT_PROTOTYPES = YES;
				CLANG_WARN_SUSPICIOUS_MOVE = YES;
				CLANG_WARN_UNGUARDED_AVAILABILITY = YES_AGGRESSIVE;
				CLANG_WARN_UNREACHABLE_CODE = YES;
				CLANG_WARN__DUPLICATE_METHOD_MATCH = YES;
				COPY_PHASE_STRIP = NO;
				DEBUG_INFORMATION_FORMAT = dwarf;
				ENABLE_STRICT_OBJC_MSGSEND = YES;
				ENABLE_TESTABILITY = YES;
				ENABLE_USER_SCRIPT_SANDBOXING = YES;
				GCC_C_LANGUAGE_STANDARD = gnu17;
				GCC_DYNAMIC_NO_PIC = NO;
				GCC_NO_COMMON_BLOCKS = YES;
				GCC_OPTIMIZATION_LEVEL = 0;
				GCC_PREPROCESSOR_DEFINITIONS = (
					"DEBUG=1",
					"$(inherited)",
				);
				GCC_WARN_64_TO_32_BIT_CONVERSION = YES;
				GCC_WARN_ABOUT_RETURN_TYPE = YES_ERROR;
				GCC_WARN_UNDECLARED_SELECTOR = YES;
				GCC_WARN_UNINITIALIZED_AUTOS = YES_AGGRESSIVE;
				GCC_WARN_UNUSED_FUNCTION = YES;
				GCC_WARN_UNUSED_VARIABLE = YES;
				LOCALIZATION_PREFERS_STRING_CATALOGS = YES;
				MTL_ENABLE_DEBUG_INFO = INCLUDE_SOURCE;
				MTL_FAST_MATH = YES;
				ONLY_ACTIVE_ARCH = YES;
				SWIFT_ACTIVE_COMPILATION_CONDITIONS = "DEBUG $(inherited)";
				SWIFT_OPTIMIZATION_LEVEL = "-Onone";
			};
			name = Debug;
		};
		68F984B52ED9F4AC00C1757B /* Release */ = {
			isa = XCBuildConfiguration;
			buildSettings = {
				ALWAYS_SEARCH_USER_PATHS = NO;
				ASSETCATALOG_COMPILER_GENERATE_SWIFT_ASSET_SYMBOL_EXTENSIONS = YES;
				CLANG_ANALYZER_NONNULL = YES;
				CLANG_ANALYZER_NUMBER_OBJECT_CONVERSION = YES_AGGRESSIVE;
				CLANG_CXX_LANGUAGE_STANDARD = "gnu++20";
				CLANG_ENABLE_MODULES = YES;
				CLANG_ENABLE_OBJC_ARC = YES;
				CLANG_ENABLE_OBJC_WEAK = YES;
				CLANG_WARN_BLOCK_CAPTURE_AUTORELEASING = YES;
				CLANG_WARN_BOOL_CONVERSION = YES;
				CLANG_WARN_COMMA = YES;
				CLANG_WARN_CONSTANT_CONVERSION = YES;
				CLANG_WARN_DEPRECATED_OBJC_IMPLEMENTATIONS = YES;
				CLANG_WARN_DIRECT_OBJC_ISA_USAGE = YES_ERROR;
				CLANG_WARN_DOCUMENTATION_COMMENTS = YES;
				CLANG_WARN_EMPTY_BODY = YES;
				CLANG_WARN_ENUM_CONVERSION = YES;
				CLANG_WARN_INFINITE_RECURSION = YES;
				CLANG_WARN_INT_CONVERSION = YES;
				CLANG_WARN_NON_LITERAL_NULL_CONVERSION = YES;
				CLANG_WARN_OBJC_IMPLICIT_RETAIN_SELF = YES;
				CLANG_WARN_OBJC_LITERAL_CONVERSION = YES;
				CLANG_WARN_OBJC_ROOT_CLASS = YES_ERROR;
				CLANG_WARN_QUOTED_INCLUDE_IN_FRAMEWORK_HEADER = YES;
				CLANG_WARN_RANGE_LOOP_ANALYSIS = YES;
				CLANG_WARN_STRICT_PROTOTYPES = YES;
				CLANG_WARN_SUSPICIOUS_MOVE = YES;
				CLANG_WARN_UNGUARDED_AVAILABILITY = YES_AGGRESSIVE;
				CLANG_WARN_UNREACHABLE_CODE = YES;
				CLANG_WARN__DUPLICATE_METHOD_MATCH = YES;
				COPY_PHASE_STRIP = NO;
				DEBUG_INFORMATION_FORMAT = "dwarf-with-dsym";
				ENABLE_NS_ASSERTIONS = NO;
				ENABLE_STRICT_OBJC_MSGSEND = YES;
				ENABLE_USER_SCRIPT_SANDBOXING = YES;
				GCC_C_LANGUAGE_STANDARD = gnu17;
				GCC_NO_COMMON_BLOCKS = YES;
				GCC_WARN_64_TO_32_BIT_CONVERSION = YES;
				GCC_WARN_ABOUT_RETURN_TYPE = YES_ERROR;
				GCC_WARN_UNDECLARED_SELECTOR = YES;
				GCC_WARN_UNINITIALIZED_AUTOS = YES_AGGRESSIVE;
				GCC_WARN_UNUSED_FUNCTION = YES;
				GCC_WARN_UNUSED_VARIABLE = YES;
				LOCALIZATION_PREFERS_STRING_CATALOGS = YES;
				MTL_ENABLE_DEBUG_INFO = NO;
				MTL_FAST_MATH = YES;
				SWIFT_COMPILATION_MODE = wholemodule;
			};
			name = Release;
		};
		68F984B72ED9F4AC00C1757B /* Debug */ = {
			isa = XCBuildConfiguration;
			buildSettings = {
				ASSETCATALOG_COMPILER_APPICON_NAME = AppIcon;
				ASSETCATALOG_COMPILER_GLOBAL_ACCENT_COLOR_NAME = AccentColor;
				CODE_SIGN_ENTITLEMENTS = "Thomato Timer/Thomato_Timer.entitlements";
				CODE_SIGN_STYLE = Automatic;
				CURRENT_PROJECT_VERSION = 1;
				DEVELOPMENT_ASSET_PATHS = "\"Thomato Timer/Preview Content\"";
				DEVELOPMENT_TEAM = F7LFV364L9;
				ENABLE_HARDENED_RUNTIME = YES;
				ENABLE_PREVIEWS = YES;
				GENERATE_INFOPLIST_FILE = YES;
				INFOPLIST_FILE = "Thomato-Timer-Info.plist";
				"INFOPLIST_KEY_UIApplicationSceneManifest_Generation[sdk=iphoneos*]" = YES;
				"INFOPLIST_KEY_UIApplicationSceneManifest_Generation[sdk=iphonesimulator*]" = YES;
				"INFOPLIST_KEY_UIApplicationSupportsIndirectInputEvents[sdk=iphoneos*]" = YES;
				"INFOPLIST_KEY_UIApplicationSupportsIndirectInputEvents[sdk=iphonesimulator*]" = YES;
				"INFOPLIST_KEY_UILaunchScreen_Generation[sdk=iphoneos*]" = YES;
				"INFOPLIST_KEY_UILaunchScreen_Generation[sdk=iphonesimulator*]" = YES;
				"INFOPLIST_KEY_UIStatusBarStyle[sdk=iphoneos*]" = UIStatusBarStyleDefault;
				"INFOPLIST_KEY_UIStatusBarStyle[sdk=iphonesimulator*]" = UIStatusBarStyleDefault;
				INFOPLIST_KEY_UISupportedInterfaceOrientations_iPad = "UIInterfaceOrientationPortrait UIInterfaceOrientationPortraitUpsideDown UIInterfaceOrientationLandscapeLeft UIInterfaceOrientationLandscapeRight";
				INFOPLIST_KEY_UISupportedInterfaceOrientations_iPhone = "UIInterfaceOrientationPortrait UIInterfaceOrientationLandscapeLeft UIInterfaceOrientationLandscapeRight";
				IPHONEOS_DEPLOYMENT_TARGET = 17.4;
				LD_RUNPATH_SEARCH_PATHS = "@executable_path/Frameworks";
				"LD_RUNPATH_SEARCH_PATHS[sdk=macosx*]" = "@executable_path/../Frameworks";
				MACOSX_DEPLOYMENT_TARGET = 14.4;
				MARKETING_VERSION = 1.0;
				PRODUCT_BUNDLE_IDENTIFIER = "com.mountiepython.Thomato-Timer";
				PRODUCT_NAME = "$(TARGET_NAME)";
				SDKROOT = auto;
				SUPPORTED_PLATFORMS = "iphoneos iphonesimulator macosx";
				SWIFT_EMIT_LOC_STRINGS = YES;
				SWIFT_VERSION = 5.0;
				TARGETED_DEVICE_FAMILY = "1,2";
			};
			name = Debug;
		};
		68F984B82ED9F4AC00C1757B /* Release */ = {
			isa = XCBuildConfiguration;
			buildSettings = {
				ASSETCATALOG_COMPILER_APPICON_NAME = AppIcon;
				ASSETCATALOG_COMPILER_GLOBAL_ACCENT_COLOR_NAME = AccentColor;
				CODE_SIGN_ENTITLEMENTS = "Thomato Timer/Thomato_Timer.entitlements";
				CODE_SIGN_STYLE = Automatic;
				CURRENT_PROJECT_VERSION = 1;
				DEVELOPMENT_ASSET_PATHS = "\"Thomato Timer/Preview Content\"";
				DEVELOPMENT_TEAM = F7LFV364L9;
				ENABLE_HARDENED_RUNTIME = YES;
				ENABLE_PREVIEWS = YES;
				GENERATE_INFOPLIST_FILE = YES;
				INFOPLIST_FILE = "Thomato-Timer-Info.plist";
				"INFOPLIST_KEY_UIApplicationSceneManifest_Generation[sdk=iphoneos*]" = YES;
				"INFOPLIST_KEY_UIApplicationSceneManifest_Generation[sdk=iphonesimulator*]" = YES;
				"INFOPLIST_KEY_UIApplicationSupportsIndirectInputEvents[sdk=iphoneos*]" = YES;
				"INFOPLIST_KEY_UIApplicationSupportsIndirectInputEvents[sdk=iphonesimulator*]" = YES;
				"INFOPLIST_KEY_UILaunchScreen_Generation[sdk=iphoneos*]" = YES;
				"INFOPLIST_KEY_UILaunchScreen_Generation[sdk=iphonesimulator*]" = YES;
				"INFOPLIST_KEY_UIStatusBarStyle[sdk=iphoneos*]" = UIStatusBarStyleDefault;
				"INFOPLIST_KEY_UIStatusBarStyle[sdk=iphonesimulator*]" = UIStatusBarStyleDefault;
				INFOPLIST_KEY_UISupportedInterfaceOrientations_iPad = "UIInterfaceOrientationPortrait UIInterfaceOrientationPortraitUpsideDown UIInterfaceOrientationLandscapeLeft UIInterfaceOrientationLandscapeRight";
				INFOPLIST_KEY_UISupportedInterfaceOrientations_iPhone = "UIInterfaceOrientationPortrait UIInterfaceOrientationLandscapeLeft UIInterfaceOrientationLandscapeRight";
				IPHONEOS_DEPLOYMENT_TARGET = 17.4;
				LD_RUNPATH_SEARCH_PATHS = "@executable_path/Frameworks";
				"LD_RUNPATH_SEARCH_PATHS[sdk=macosx*]" = "@executable_path/../Frameworks";
				MACOSX_DEPLOYMENT_TARGET = 14.4;
				MARKETING_VERSION = 1.0;
				PRODUCT_BUNDLE_IDENTIFIER = "com.mountiepython.Thomato-Timer";
				PRODUCT_NAME = "$(TARGET_NAME)";
				SDKROOT = auto;
				SUPPORTED_PLATFORMS = "iphoneos iphonesimulator macosx";
				SWIFT_EMIT_LOC_STRINGS = YES;
				SWIFT_VERSION = 5.0;
				TARGETED_DEVICE_FAMILY = "1,2";
			};
			name = Release;
		};
/* End XCBuildConfiguration section */

/* Begin XCConfigurationList section */
		68F984A22ED9F4AA00C1757B /* Build configuration list for PBXProject "Thomato Timer" */ = {
			isa = XCConfigurationList;
			buildConfigurations = (
				68F984B42ED9F4AC00C1757B /* Debug */,
				68F984B52ED9F4AC00C1757B /* Release */,
			);
			defaultConfigurationIsVisible = 0;
			defaultConfigurationName = Release;
		};
		68F984B62ED9F4AC00C1757B /* Build configuration list for PBXNativeTarget "Thomato Timer" */ = {
			isa = XCConfigurationList;
			buildConfigurations = (
				68F984B72ED9F4AC00C1757B /* Debug */,
				68F984B82ED9F4AC00C1757B /* Release */,
			);
			defaultConfigurationIsVisible = 0;
			defaultConfigurationName = Release;
		};
/* End XCConfigurationList section */
	};
	rootObject = 68F9849F2ED9F4AA00C1757B /* Project object */;
}
